dependencies:
- name: mongodb
  repository: https://charts.bitnami.com/bitnami
  version: 10.3.7
- name: rabbitmq
  repository: https://charts.bitnami.com/bitnami
  version: 8.6.4
digest: sha256:7459782673c3ffe1bcac2fe2e6a750f1270ad3d6be92f43b108da44451d55ecd
generated: "2021-03-14T16:30:43.550155-04:00"
